// !$*UTF8*$!
{
	archiveVersion = 1;
	classes = {
	};
	objectVersion = 46;
	objects = {

/* Begin PBXBuildFile section */
		79001F501E86722600436D56 /* main.m in Sources */ = {isa = PBXBuildFile; fileRef = 79001F4F1E86722600436D56 /* main.m */; };
		79001F531E86722600436D56 /* AppDelegate.m in Sources */ = {isa = PBXBuildFile; fileRef = 79001F521E86722600436D56 /* AppDelegate.m */; };
		79001F591E86722600436D56 /* Main.storyboard in Resources */ = {isa = PBXBuildFile; fileRef = 79001F571E86722600436D56 /* Main.storyboard */; };
		79001F5B1E86722600436D56 /* Assets.xcassets in Resources */ = {isa = PBXBuildFile; fileRef = 79001F5A1E86722600436D56 /* Assets.xcassets */; };
		79001F5E1E86722600436D56 /* LaunchScreen.storyboard in Resources */ = {isa = PBXBuildFile; fileRef = 79001F5C1E86722600436D56 /* LaunchScreen.storyboard */; };
		79001F691E86722600436D56 /* ACCAppTests.m in Sources */ = {isa = PBXBuildFile; fileRef = 79001F681E86722600436D56 /* ACCAppTests.m */; };
		79001F901E86791700436D56 /* ACCListingViewController.m in Sources */ = {isa = PBXBuildFile; fileRef = 79001F8F1E86791700436D56 /* ACCListingViewController.m */; };
		79001F911E86791700436D56 /* ACCListingViewController.m in Sources */ = {isa = PBXBuildFile; fileRef = 79001F8F1E86791700436D56 /* ACCListingViewController.m */; };
		79001F971E867D1000436D56 /* ACCListingPresenter.m in Sources */ = {isa = PBXBuildFile; fileRef = 79001F961E867D1000436D56 /* ACCListingPresenter.m */; };
		79001F981E867D1000436D56 /* ACCListingPresenter.m in Sources */ = {isa = PBXBuildFile; fileRef = 79001F961E867D1000436D56 /* ACCListingPresenter.m */; };
		79001FA01E8687EF00436D56 /* ACCMainViewController.m in Sources */ = {isa = PBXBuildFile; fileRef = 79001F9F1E8687EF00436D56 /* ACCMainViewController.m */; };
		79001FA11E8687EF00436D56 /* ACCMainViewController.m in Sources */ = {isa = PBXBuildFile; fileRef = 79001F9F1E8687EF00436D56 /* ACCMainViewController.m */; };
/* End PBXBuildFile section */

/* Begin PBXContainerItemProxy section */
		79001F651E86722600436D56 /* PBXContainerItemProxy */ = {
			isa = PBXContainerItemProxy;
			containerPortal = 79001F431E86722500436D56 /* Project object */;
			proxyType = 1;
			remoteGlobalIDString = 79001F4A1E86722500436D56;
			remoteInfo = ACCApp;
		};
/* End PBXContainerItemProxy section */

/* Begin PBXFileReference section */
		79001F4B1E86722600436D56 /* ACCApp.app */ = {isa = PBXFileReference; explicitFileType = wrapper.application; includeInIndex = 0; path = ACCApp.app; sourceTree = BUILT_PRODUCTS_DIR; };
		79001F4F1E86722600436D56 /* main.m */ = {isa = PBXFileReference; lastKnownFileType = sourcecode.c.objc; path = main.m; sourceTree = "<group>"; };
		79001F511E86722600436D56 /* AppDelegate.h */ = {isa = PBXFileReference; lastKnownFileType = sourcecode.c.h; path = AppDelegate.h; sourceTree = "<group>"; };
		79001F521E86722600436D56 /* AppDelegate.m */ = {isa = PBXFileReference; lastKnownFileType = sourcecode.c.objc; path = AppDelegate.m; sourceTree = "<group>"; };
		79001F581E86722600436D56 /* Base */ = {isa = PBXFileReference; lastKnownFileType = file.storyboard; name = Base; path = Base.lproj/Main.storyboard; sourceTree = "<group>"; };
		79001F5A1E86722600436D56 /* Assets.xcassets */ = {isa = PBXFileReference; lastKnownFileType = folder.assetcatalog; path = Assets.xcassets; sourceTree = "<group>"; };
		79001F5D1E86722600436D56 /* Base */ = {isa = PBXFileReference; lastKnownFileType = file.storyboard; name = Base; path = Base.lproj/LaunchScreen.storyboard; sourceTree = "<group>"; };
		79001F5F1E86722600436D56 /* Info.plist */ = {isa = PBXFileReference; lastKnownFileType = text.plist.xml; path = Info.plist; sourceTree = "<group>"; };
		79001F641E86722600436D56 /* ACCAppTests.xctest */ = {isa = PBXFileReference; explicitFileType = wrapper.cfbundle; includeInIndex = 0; path = ACCAppTests.xctest; sourceTree = BUILT_PRODUCTS_DIR; };
		79001F681E86722600436D56 /* ACCAppTests.m */ = {isa = PBXFileReference; lastKnownFileType = sourcecode.c.objc; path = ACCAppTests.m; sourceTree = "<group>"; };
		79001F6A1E86722600436D56 /* Info.plist */ = {isa = PBXFileReference; lastKnownFileType = text.plist.xml; path = Info.plist; sourceTree = "<group>"; };
		79001F8E1E86791700436D56 /* ACCListingViewController.h */ = {isa = PBXFileReference; fileEncoding = 4; lastKnownFileType = sourcecode.c.h; name = ACCListingViewController.h; path = Modules/ListingModule/ViewControllers/ListingViewController/ACCListingViewController.h; sourceTree = "<group>"; };
		79001F8F1E86791700436D56 /* ACCListingViewController.m */ = {isa = PBXFileReference; fileEncoding = 4; lastKnownFileType = sourcecode.c.objc; name = ACCListingViewController.m; path = Modules/ListingModule/ViewControllers/ListingViewController/ACCListingViewController.m; sourceTree = "<group>"; };
		79001F921E86794000436D56 /* IACCListingView.h */ = {isa = PBXFileReference; lastKnownFileType = sourcecode.c.h; name = IACCListingView.h; path = Modules/ListingModule/Interfaces/IACCListingView.h; sourceTree = "<group>"; };
		79001F931E867AC800436D56 /* IACCListingPresenter.h */ = {isa = PBXFileReference; lastKnownFileType = sourcecode.c.h; name = IACCListingPresenter.h; path = Modules/ListingModule/Interfaces/IACCListingPresenter.h; sourceTree = "<group>"; };
		79001F951E867D1000436D56 /* ACCListingPresenter.h */ = {isa = PBXFileReference; fileEncoding = 4; lastKnownFileType = sourcecode.c.h; name = ACCListingPresenter.h; path = Modules/ListingModule/Presenters/ACCListingPresenter.h; sourceTree = "<group>"; };
		79001F961E867D1000436D56 /* ACCListingPresenter.m */ = {isa = PBXFileReference; fileEncoding = 4; lastKnownFileType = sourcecode.c.objc; name = ACCListingPresenter.m; path = Modules/ListingModule/Presenters/ACCListingPresenter.m; sourceTree = "<group>"; };
		79001F9E1E8687EF00436D56 /* ACCMainViewController.h */ = {isa = PBXFileReference; fileEncoding = 4; lastKnownFileType = sourcecode.c.h; name = ACCMainViewController.h; path = Modules/MainModule/ViewControllers/MainViewController/ACCMainViewController.h; sourceTree = "<group>"; };
		79001F9F1E8687EF00436D56 /* ACCMainViewController.m */ = {isa = PBXFileReference; fileEncoding = 4; lastKnownFileType = sourcecode.c.objc; name = ACCMainViewController.m; path = Modules/MainModule/ViewControllers/MainViewController/ACCMainViewController.m; sourceTree = "<group>"; };
/* End PBXFileReference section */

/* Begin PBXFrameworksBuildPhase section */
		79001F481E86722500436D56 /* Frameworks */ = {
			isa = PBXFrameworksBuildPhase;
			buildActionMask = 2147483647;
			files = (
			);
			runOnlyForDeploymentPostprocessing = 0;
		};
		79001F611E86722600436D56 /* Frameworks */ = {
			isa = PBXFrameworksBuildPhase;
			buildActionMask = 2147483647;
			files = (
			);
			runOnlyForDeploymentPostprocessing = 0;
		};
/* End PBXFrameworksBuildPhase section */

/* Begin PBXGroup section */
		79001F421E86722500436D56 = {
			isa = PBXGroup;
			children = (
				79001F4D1E86722600436D56 /* ACCApp */,
				79001F671E86722600436D56 /* ACCAppTests */,
				79001F4C1E86722600436D56 /* Products */,
			);
			sourceTree = "<group>";
		};
		79001F4C1E86722600436D56 /* Products */ = {
			isa = PBXGroup;
			children = (
				79001F4B1E86722600436D56 /* ACCApp.app */,
				79001F641E86722600436D56 /* ACCAppTests.xctest */,
			);
			name = Products;
			sourceTree = "<group>";
		};
		79001F4D1E86722600436D56 /* ACCApp */ = {
			isa = PBXGroup;
			children = (
				79001F761E8673D900436D56 /* AppDelegate */,
				79001F741E86739A00436D56 /* Modules */,
				79001F861E86767600436D56 /* Core */,
				79001F7C1E86748300436D56 /* Resources */,
				79001F4E1E86722600436D56 /* Supporting Files */,
			);
			path = ACCApp;
			sourceTree = "<group>";
		};
		79001F4E1E86722600436D56 /* Supporting Files */ = {
			isa = PBXGroup;
			children = (
				79001F4F1E86722600436D56 /* main.m */,
			);
			name = "Supporting Files";
			sourceTree = "<group>";
		};
		79001F671E86722600436D56 /* ACCAppTests */ = {
			isa = PBXGroup;
			children = (
				79001F681E86722600436D56 /* ACCAppTests.m */,
				79001F6A1E86722600436D56 /* Info.plist */,
			);
			path = ACCAppTests;
			sourceTree = "<group>";
		};
		79001F741E86739A00436D56 /* Modules */ = {
			isa = PBXGroup;
			children = (
				79001F9B1E86877B00436D56 /* MainModule */,
				79001F791E86740C00436D56 /* ListingModule */,
				79001F7A1E86741E00436D56 /* SettingsModule */,
			);
			name = Modules;
			sourceTree = "<group>";
		};
		79001F751E8673A200436D56 /* Services */ = {
			isa = PBXGroup;
			children = (
				79001F871E86768500436D56 /* DataModels */,
				79001F841E8675AD00436D56 /* CacheService */,
				79001F771E8673E600436D56 /* HttpService */,
				79001F781E8673F400436D56 /* LocationService */,
			);
			name = Services;
			sourceTree = "<group>";
		};
		79001F761E8673D900436D56 /* AppDelegate */ = {
			isa = PBXGroup;
			children = (
				79001F511E86722600436D56 /* AppDelegate.h */,
				79001F521E86722600436D56 /* AppDelegate.m */,
			);
			name = AppDelegate;
			sourceTree = "<group>";
		};
		79001F771E8673E600436D56 /* HttpService */ = {
			isa = PBXGroup;
			children = (
			);
			name = HttpService;
			sourceTree = "<group>";
		};
		79001F781E8673F400436D56 /* LocationService */ = {
			isa = PBXGroup;
			children = (
			);
			name = LocationService;
			sourceTree = "<group>";
		};
		79001F791E86740C00436D56 /* ListingModule */ = {
			isa = PBXGroup;
			children = (
				79001F7E1E8674CD00436D56 /* DataModels */,
				79001F811E86758100436D56 /* Interfaces */,
				79001F7F1E86751A00436D56 /* Presenters */,
				79001F7D1E8674A700436D56 /* ViewControllers */,
			);
			name = ListingModule;
			sourceTree = "<group>";
		};
		79001F7A1E86741E00436D56 /* SettingsModule */ = {
			isa = PBXGroup;
			children = (
				79001F831E86759700436D56 /* Interfaces */,
				79001F851E86761500436D56 /* Presenters */,
				79001F821E86759100436D56 /* ViewControllers */,
			);
			name = SettingsModule;
			sourceTree = "<group>";
		};
		79001F7B1E86743800436D56 /* Storyboards */ = {
			isa = PBXGroup;
			children = (
				79001F5C1E86722600436D56 /* LaunchScreen.storyboard */,
				79001F571E86722600436D56 /* Main.storyboard */,
			);
			name = Storyboards;
			sourceTree = "<group>";
		};
		79001F7C1E86748300436D56 /* Resources */ = {
			isa = PBXGroup;
			children = (
				79001F7B1E86743800436D56 /* Storyboards */,
				79001F5A1E86722600436D56 /* Assets.xcassets */,
				79001F5F1E86722600436D56 /* Info.plist */,
			);
			name = Resources;
			sourceTree = "<group>";
		};
		79001F7D1E8674A700436D56 /* ViewControllers */ = {
			isa = PBXGroup;
			children = (
				79001F8A1E86788500436D56 /* ListingViewController */,
			);
			name = ViewControllers;
			sourceTree = "<group>";
		};
		79001F7E1E8674CD00436D56 /* DataModels */ = {
			isa = PBXGroup;
			children = (
			);
			name = DataModels;
			sourceTree = "<group>";
		};
		79001F7F1E86751A00436D56 /* Presenters */ = {
			isa = PBXGroup;
			children = (
				79001F941E867CCA00436D56 /* ListingPresenter */,
			);
			name = Presenters;
			sourceTree = "<group>";
		};
		79001F811E86758100436D56 /* Interfaces */ = {
			isa = PBXGroup;
			children = (
				79001F921E86794000436D56 /* IACCListingView.h */,
				79001F931E867AC800436D56 /* IACCListingPresenter.h */,
			);
			name = Interfaces;
			sourceTree = "<group>";
		};
		79001F821E86759100436D56 /* ViewControllers */ = {
			isa = PBXGroup;
			children = (
			);
			name = ViewControllers;
			sourceTree = "<group>";
		};
		79001F831E86759700436D56 /* Interfaces */ = {
			isa = PBXGroup;
			children = (
			);
			name = Interfaces;
			sourceTree = "<group>";
		};
		79001F841E8675AD00436D56 /* CacheService */ = {
			isa = PBXGroup;
			children = (
			);
			name = CacheService;
			sourceTree = "<group>";
		};
		79001F851E86761500436D56 /* Presenters */ = {
			isa = PBXGroup;
			children = (
			);
			name = Presenters;
			sourceTree = "<group>";
		};
		79001F861E86767600436D56 /* Core */ = {
			isa = PBXGroup;
			children = (
				79001F751E8673A200436D56 /* Services */,
				79001F881E86779900436D56 /* Utilities */,
			);
			name = Core;
			sourceTree = "<group>";
		};
		79001F871E86768500436D56 /* DataModels */ = {
			isa = PBXGroup;
			children = (
			);
			name = DataModels;
			sourceTree = "<group>";
		};
		79001F881E86779900436D56 /* Utilities */ = {
			isa = PBXGroup;
			children = (
				79001F891E8677A500436D56 /* AppearanceController */,
			);
			name = Utilities;
			sourceTree = "<group>";
		};
		79001F891E8677A500436D56 /* AppearanceController */ = {
			isa = PBXGroup;
			children = (
			);
			name = AppearanceController;
			sourceTree = "<group>";
		};
		79001F8A1E86788500436D56 /* ListingViewController */ = {
			isa = PBXGroup;
			children = (
				79001F8E1E86791700436D56 /* ACCListingViewController.h */,
				79001F8F1E86791700436D56 /* ACCListingViewController.m */,
			);
			name = ListingViewController;
			sourceTree = "<group>";
		};
		79001F941E867CCA00436D56 /* ListingPresenter */ = {
			isa = PBXGroup;
			children = (
				79001F951E867D1000436D56 /* ACCListingPresenter.h */,
				79001F961E867D1000436D56 /* ACCListingPresenter.m */,
			);
			name = ListingPresenter;
			sourceTree = "<group>";
		};
		79001F9B1E86877B00436D56 /* MainModule */ = {
			isa = PBXGroup;
			children = (
				79001F9C1E86878800436D56 /* ViewControllers */,
			);
			name = MainModule;
			sourceTree = "<group>";
		};
		79001F9C1E86878800436D56 /* ViewControllers */ = {
			isa = PBXGroup;
			children = (
				79001F9D1E86879C00436D56 /* MainViewController */,
			);
			name = ViewControllers;
			sourceTree = "<group>";
		};
		79001F9D1E86879C00436D56 /* MainViewController */ = {
			isa = PBXGroup;
			children = (
				79001F9E1E8687EF00436D56 /* ACCMainViewController.h */,
				79001F9F1E8687EF00436D56 /* ACCMainViewController.m */,
			);
			name = MainViewController;
			sourceTree = "<group>";
		};
/* End PBXGroup section */

/* Begin PBXNativeTarget section */
		79001F4A1E86722500436D56 /* ACCApp */ = {
			isa = PBXNativeTarget;
			buildConfigurationList = 79001F6D1E86722600436D56 /* Build configuration list for PBXNativeTarget "ACCApp" */;
			buildPhases = (
				79001F471E86722500436D56 /* Sources */,
				79001F481E86722500436D56 /* Frameworks */,
				79001F491E86722500436D56 /* Resources */,
			);
			buildRules = (
			);
			dependencies = (
			);
			name = ACCApp;
			productName = ACCApp;
			productReference = 79001F4B1E86722600436D56 /* ACCApp.app */;
			productType = "com.apple.product-type.application";
		};
		79001F631E86722600436D56 /* ACCAppTests */ = {
			isa = PBXNativeTarget;
			buildConfigurationList = 79001F701E86722600436D56 /* Build configuration list for PBXNativeTarget "ACCAppTests" */;
			buildPhases = (
				79001F601E86722600436D56 /* Sources */,
				79001F611E86722600436D56 /* Frameworks */,
				79001F621E86722600436D56 /* Resources */,
			);
			buildRules = (
			);
			dependencies = (
				79001F661E86722600436D56 /* PBXTargetDependency */,
			);
			name = ACCAppTests;
			productName = ACCAppTests;
			productReference = 79001F641E86722600436D56 /* ACCAppTests.xctest */;
			productType = "com.apple.product-type.bundle.unit-test";
		};
/* End PBXNativeTarget section */

/* Begin PBXProject section */
		79001F431E86722500436D56 /* Project object */ = {
			isa = PBXProject;
			attributes = {
				LastUpgradeCheck = 0820;
				ORGANIZATIONNAME = "Bin Yu";
				TargetAttributes = {
					79001F4A1E86722500436D56 = {
						CreatedOnToolsVersion = 8.2.1;
						DevelopmentTeam = 8BMD2QL62M;
						ProvisioningStyle = Automatic;
					};
					79001F631E86722600436D56 = {
						CreatedOnToolsVersion = 8.2.1;
						DevelopmentTeam = 8BMD2QL62M;
						ProvisioningStyle = Automatic;
						TestTargetID = 79001F4A1E86722500436D56;
					};
				};
			};
			buildConfigurationList = 79001F461E86722500436D56 /* Build configuration list for PBXProject "ACCApp" */;
			compatibilityVersion = "Xcode 3.2";
			developmentRegion = English;
			hasScannedForEncodings = 0;
			knownRegions = (
				en,
				Base,
			);
			mainGroup = 79001F421E86722500436D56;
			productRefGroup = 79001F4C1E86722600436D56 /* Products */;
			projectDirPath = "";
			projectRoot = "";
			targets = (
				79001F4A1E86722500436D56 /* ACCApp */,
				79001F631E86722600436D56 /* ACCAppTests */,
			);
		};
/* End PBXProject section */

/* Begin PBXResourcesBuildPhase section */
		79001F491E86722500436D56 /* Resources */ = {
			isa = PBXResourcesBuildPhase;
			buildActionMask = 2147483647;
			files = (
				79001F5E1E86722600436D56 /* LaunchScreen.storyboard in Resources */,
				79001F5B1E86722600436D56 /* Assets.xcassets in Resources */,
				79001F591E86722600436D56 /* Main.storyboard in Resources */,
			);
			runOnlyForDeploymentPostprocessing = 0;
		};
		79001F621E86722600436D56 /* Resources */ = {
			isa = PBXResourcesBuildPhase;
			buildActionMask = 2147483647;
			files = (
			);
			runOnlyForDeploymentPostprocessing = 0;
		};
/* End PBXResourcesBuildPhase section */

/* Begin PBXSourcesBuildPhase section */
		79001F471E86722500436D56 /* Sources */ = {
			isa = PBXSourcesBuildPhase;
			buildActionMask = 2147483647;
			files = (
				79001F901E86791700436D56 /* ACCListingViewController.m in Sources */,
				79001F971E867D1000436D56 /* ACCListingPresenter.m in Sources */,
				79001F531E86722600436D56 /* AppDelegate.m in Sources */,
				79001FA01E8687EF00436D56 /* ACCMainViewController.m in Sources */,
				79001F501E86722600436D56 /* main.m in Sources */,
			);
			runOnlyForDeploymentPostprocessing = 0;
		};
		79001F601E86722600436D56 /* Sources */ = {
			isa = PBXSourcesBuildPhase;
			buildActionMask = 2147483647;
			files = (
				79001F981E867D1000436D56 /* ACCListingPresenter.m in Sources */,
				79001F691E86722600436D56 /* ACCAppTests.m in Sources */,
				79001F911E86791700436D56 /* ACCListingViewController.m in Sources */,
				79001FA11E8687EF00436D56 /* ACCMainViewController.m in Sources */,
			);
			runOnlyForDeploymentPostprocessing = 0;
		};
/* End PBXSourcesBuildPhase section */

/* Begin PBXTargetDependency section */
		79001F661E86722600436D56 /* PBXTargetDependency */ = {
			isa = PBXTargetDependency;
			target = 79001F4A1E86722500436D56 /* ACCApp */;
			targetProxy = 79001F651E86722600436D56 /* PBXContainerItemProxy */;
		};
/* End PBXTargetDependency section */

/* Begin PBXVariantGroup section */
		79001F571E86722600436D56 /* Main.storyboard */ = {
			isa = PBXVariantGroup;
			children = (
				79001F581E86722600436D56 /* Base */,
			);
			name = Main.storyboard;
			sourceTree = "<group>";
		};
		79001F5C1E86722600436D56 /* LaunchScreen.storyboard */ = {
			isa = PBXVariantGroup;
			children = (
				79001F5D1E86722600436D56 /* Base */,
			);
			name = LaunchScreen.storyboard;
			sourceTree = "<group>";
		};
/* End PBXVariantGroup section */

/* Begin XCBuildConfiguration section */
		79001F6B1E86722600436D56 /* Debug */ = {
			isa = XCBuildConfiguration;
			buildSettings = {
				ALWAYS_SEARCH_USER_PATHS = NO;
				CLANG_ANALYZER_NONNULL = YES;
				CLANG_CXX_LANGUAGE_STANDARD = "gnu++0x";
				CLANG_CXX_LIBRARY = "libc++";
				CLANG_ENABLE_MODULES = YES;
				CLANG_ENABLE_OBJC_ARC = YES;
				CLANG_WARN_BOOL_CONVERSION = YES;
				CLANG_WARN_CONSTANT_CONVERSION = YES;
				CLANG_WARN_DIRECT_OBJC_ISA_USAGE = YES_ERROR;
				CLANG_WARN_DOCUMENTATION_COMMENTS = YES;
				CLANG_WARN_EMPTY_BODY = YES;
				CLANG_WARN_ENUM_CONVERSION = YES;
				CLANG_WARN_INFINITE_RECURSION = YES;
				CLANG_WARN_INT_CONVERSION = YES;
				CLANG_WARN_OBJC_ROOT_CLASS = YES_ERROR;
				CLANG_WARN_SUSPICIOUS_MOVE = YES;
				CLANG_WARN_UNREACHABLE_CODE = YES;
				CLANG_WARN__DUPLICATE_METHOD_MATCH = YES;
				"CODE_SIGN_IDENTITY[sdk=iphoneos*]" = "iPhone Developer";
				COPY_PHASE_STRIP = NO;
				DEBUG_INFORMATION_FORMAT = dwarf;
				ENABLE_STRICT_OBJC_MSGSEND = YES;
				ENABLE_TESTABILITY = YES;
				GCC_C_LANGUAGE_STANDARD = gnu99;
				GCC_DYNAMIC_NO_PIC = NO;
				GCC_NO_COMMON_BLOCKS = YES;
				GCC_OPTIMIZATION_LEVEL = 0;
				GCC_PREPROCESSOR_DEFINITIONS = (
					"DEBUG=1",
					"$(inherited)",
				);
				GCC_WARN_64_TO_32_BIT_CONVERSION = YES;
				GCC_WARN_ABOUT_RETURN_TYPE = YES_ERROR;
				GCC_WARN_UNDECLARED_SELECTOR = YES;
				GCC_WARN_UNINITIALIZED_AUTOS = YES_AGGRESSIVE;
				GCC_WARN_UNUSED_FUNCTION = YES;
				GCC_WARN_UNUSED_VARIABLE = YES;
				IPHONEOS_DEPLOYMENT_TARGET = 10.2;
				MTL_ENABLE_DEBUG_INFO = YES;
				ONLY_ACTIVE_ARCH = YES;
				SDKROOT = iphoneos;
			};
			name = Debug;
		};
		79001F6C1E86722600436D56 /* Release */ = {
			isa = XCBuildConfiguration;
			buildSettings = {
				ALWAYS_SEARCH_USER_PATHS = NO;
				CLANG_ANALYZER_NONNULL = YES;
				CLANG_CXX_LANGUAGE_STANDARD = "gnu++0x";
				CLANG_CXX_LIBRARY = "libc++";
				CLANG_ENABLE_MODULES = YES;
				CLANG_ENABLE_OBJC_ARC = YES;
				CLANG_WARN_BOOL_CONVERSION = YES;
				CLANG_WARN_CONSTANT_CONVERSION = YES;
				CLANG_WARN_DIRECT_OBJC_ISA_USAGE = YES_ERROR;
				CLANG_WARN_DOCUMENTATION_COMMENTS = YES;
				CLANG_WARN_EMPTY_BODY = YES;
				CLANG_WARN_ENUM_CONVERSION = YES;
				CLANG_WARN_INFINITE_RECURSION = YES;
				CLANG_WARN_INT_CONVERSION = YES;
				CLANG_WARN_OBJC_ROOT_CLASS = YES_ERROR;
				CLANG_WARN_SUSPICIOUS_MOVE = YES;
				CLANG_WARN_UNREACHABLE_CODE = YES;
				CLANG_WARN__DUPLICATE_METHOD_MATCH = YES;
				"CODE_SIGN_IDENTITY[sdk=iphoneos*]" = "iPhone Developer";
				COPY_PHASE_STRIP = NO;
				DEBUG_INFORMATION_FORMAT = "dwarf-with-dsym";
				ENABLE_NS_ASSERTIONS = NO;
				ENABLE_STRICT_OBJC_MSGSEND = YES;
				GCC_C_LANGUAGE_STANDARD = gnu99;
				GCC_NO_COMMON_BLOCKS = YES;
				GCC_WARN_64_TO_32_BIT_CONVERSION = YES;
				GCC_WARN_ABOUT_RETURN_TYPE = YES_ERROR;
				GCC_WARN_UNDECLARED_SELECTOR = YES;
				GCC_WARN_UNINITIALIZED_AUTOS = YES_AGGRESSIVE;
				GCC_WARN_UNUSED_FUNCTION = YES;
				GCC_WARN_UNUSED_VARIABLE = YES;
				IPHONEOS_DEPLOYMENT_TARGET = 10.2;
				MTL_ENABLE_DEBUG_INFO = NO;
				SDKROOT = iphoneos;
				VALIDATE_PRODUCT = YES;
			};
			name = Release;
		};
		79001F6E1E86722600436D56 /* Debug */ = {
			isa = XCBuildConfiguration;
			buildSettings = {
				ASSETCATALOG_COMPILER_APPICON_NAME = AppIcon;
				DEVELOPMENT_TEAM = 8BMD2QL62M;
				INFOPLIST_FILE = ACCApp/Info.plist;
				LD_RUNPATH_SEARCH_PATHS = "$(inherited) @executable_path/Frameworks";
				PRODUCT_BUNDLE_IDENTIFIER = biyu.ACCApp;
				PRODUCT_NAME = "$(TARGET_NAME)";
			};
			name = Debug;
		};
		79001F6F1E86722600436D56 /* Release */ = {
			isa = XCBuildConfiguration;
			buildSettings = {
				ASSETCATALOG_COMPILER_APPICON_NAME = AppIcon;
				DEVELOPMENT_TEAM = 8BMD2QL62M;
				INFOPLIST_FILE = ACCApp/Info.plist;
				LD_RUNPATH_SEARCH_PATHS = "$(inherited) @executable_path/Frameworks";
				PRODUCT_BUNDLE_IDENTIFIER = biyu.ACCApp;
				PRODUCT_NAME = "$(TARGET_NAME)";
			};
			name = Release;
		};
		79001F711E86722600436D56 /* Debug */ = {
			isa = XCBuildConfiguration;
			buildSettings = {
				BUNDLE_LOADER = "$(TEST_HOST)";
				DEVELOPMENT_TEAM = 8BMD2QL62M;
				INFOPLIST_FILE = ACCAppTests/Info.plist;
				LD_RUNPATH_SEARCH_PATHS = "$(inherited) @executable_path/Frameworks @loader_path/Frameworks";
				PRODUCT_BUNDLE_IDENTIFIER = biyu.ACCAppTests;
				PRODUCT_NAME = "$(TARGET_NAME)";
				TEST_HOST = "$(BUILT_PRODUCTS_DIR)/ACCApp.app/ACCApp";
			};
			name = Debug;
		};
		79001F721E86722600436D56 /* Release */ = {
			isa = XCBuildConfiguration;
			buildSettings = {
				BUNDLE_LOADER = "$(TEST_HOST)";
				DEVELOPMENT_TEAM = 8BMD2QL62M;
				INFOPLIST_FILE = ACCAppTests/Info.plist;
				LD_RUNPATH_SEARCH_PATHS = "$(inherited) @executable_path/Frameworks @loader_path/Frameworks";
				PRODUCT_BUNDLE_IDENTIFIER = biyu.ACCAppTests;
				PRODUCT_NAME = "$(TARGET_NAME)";
				TEST_HOST = "$(BUILT_PRODUCTS_DIR)/ACCApp.app/ACCApp";
			};
			name = Release;
		};
/* End XCBuildConfiguration section */

/* Begin XCConfigurationList section */
		79001F461E86722500436D56 /* Build configuration list for PBXProject "ACCApp" */ = {
			isa = XCConfigurationList;
			buildConfigurations = (
				79001F6B1E86722600436D56 /* Debug */,
				79001F6C1E86722600436D56 /* Release */,
			);
			defaultConfigurationIsVisible = 0;
			defaultConfigurationName = Release;
		};
		79001F6D1E86722600436D56 /* Build configuration list for PBXNativeTarget "ACCApp" */ = {
			isa = XCConfigurationList;
			buildConfigurations = (
				79001F6E1E86722600436D56 /* Debug */,
				79001F6F1E86722600436D56 /* Release */,
			);
			defaultConfigurationIsVisible = 0;
		};
		79001F701E86722600436D56 /* Build configuration list for PBXNativeTarget "ACCAppTests" */ = {
			isa = XCConfigurationList;
			buildConfigurations = (
				79001F711E86722600436D56 /* Debug */,
				79001F721E86722600436D56 /* Release */,
			);
			defaultConfigurationIsVisible = 0;
		};
/* End XCConfigurationList section */
	};
	rootObject = 79001F431E86722500436D56 /* Project object */;
}
