// !$*UTF8*$!
{
	archiveVersion = 1;
	classes = {
	};
	objectVersion = 46;
	objects = {

/* Begin PBXBuildFile section */
		405AAACE1B69FAAF69A17810 /* libPods-ACCApp.a in Frameworks */ = {isa = PBXBuildFile; fileRef = E58E55B6FF0C41C15DBFEEC4 /* libPods-ACCApp.a */; };
		79001F501E86722600436D56 /* main.m in Sources */ = {isa = PBXBuildFile; fileRef = 79001F4F1E86722600436D56 /* main.m */; };
		79001F531E86722600436D56 /* AppDelegate.m in Sources */ = {isa = PBXBuildFile; fileRef = 79001F521E86722600436D56 /* AppDelegate.m */; };
		79001F591E86722600436D56 /* Main.storyboard in Resources */ = {isa = PBXBuildFile; fileRef = 79001F571E86722600436D56 /* Main.storyboard */; };
		79001F5B1E86722600436D56 /* Assets.xcassets in Resources */ = {isa = PBXBuildFile; fileRef = 79001F5A1E86722600436D56 /* Assets.xcassets */; };
		79001F5E1E86722600436D56 /* LaunchScreen.storyboard in Resources */ = {isa = PBXBuildFile; fileRef = 79001F5C1E86722600436D56 /* LaunchScreen.storyboard */; };
		79001F691E86722600436D56 /* ACCAppTests.m in Sources */ = {isa = PBXBuildFile; fileRef = 79001F681E86722600436D56 /* ACCAppTests.m */; };
		79001F901E86791700436D56 /* ACCListingViewController.m in Sources */ = {isa = PBXBuildFile; fileRef = 79001F8F1E86791700436D56 /* ACCListingViewController.m */; };
		79001F911E86791700436D56 /* ACCListingViewController.m in Sources */ = {isa = PBXBuildFile; fileRef = 79001F8F1E86791700436D56 /* ACCListingViewController.m */; };
		79001F971E867D1000436D56 /* ACCListingPresenter.m in Sources */ = {isa = PBXBuildFile; fileRef = 79001F961E867D1000436D56 /* ACCListingPresenter.m */; };
		79001F981E867D1000436D56 /* ACCListingPresenter.m in Sources */ = {isa = PBXBuildFile; fileRef = 79001F961E867D1000436D56 /* ACCListingPresenter.m */; };
		79001FA01E8687EF00436D56 /* ACCMainViewController.m in Sources */ = {isa = PBXBuildFile; fileRef = 79001F9F1E8687EF00436D56 /* ACCMainViewController.m */; };
		79001FA11E8687EF00436D56 /* ACCMainViewController.m in Sources */ = {isa = PBXBuildFile; fileRef = 79001F9F1E8687EF00436D56 /* ACCMainViewController.m */; };
		79001FAE1E86A3D400436D56 /* UIStoryboard+Helper.m in Sources */ = {isa = PBXBuildFile; fileRef = 79001FAD1E86A3D400436D56 /* UIStoryboard+Helper.m */; };
		79001FAF1E86A3D400436D56 /* UIStoryboard+Helper.m in Sources */ = {isa = PBXBuildFile; fileRef = 79001FAD1E86A3D400436D56 /* UIStoryboard+Helper.m */; };
		79001FB31E86A83C00436D56 /* ACCLocationService.m in Sources */ = {isa = PBXBuildFile; fileRef = 79001FB21E86A83C00436D56 /* ACCLocationService.m */; };
		79001FB41E86A83C00436D56 /* ACCLocationService.m in Sources */ = {isa = PBXBuildFile; fileRef = 79001FB21E86A83C00436D56 /* ACCLocationService.m */; };
		79001FB71E86A8C400436D56 /* CoreLocation.framework in Frameworks */ = {isa = PBXBuildFile; fileRef = 79001FB61E86A8C400436D56 /* CoreLocation.framework */; };
		79001FBB1E86BA6F00436D56 /* ACCHttpService.m in Sources */ = {isa = PBXBuildFile; fileRef = 79001FBA1E86BA6F00436D56 /* ACCHttpService.m */; };
		79001FBC1E86BA6F00436D56 /* ACCHttpService.m in Sources */ = {isa = PBXBuildFile; fileRef = 79001FBA1E86BA6F00436D56 /* ACCHttpService.m */; };
		79F8079A1E87F49C00280F40 /* ACCSettingsConfiguration.m in Sources */ = {isa = PBXBuildFile; fileRef = 79F807991E87F49C00280F40 /* ACCSettingsConfiguration.m */; };
		79F8079D1E87F55E00280F40 /* ACCSiteConfiguration.m in Sources */ = {isa = PBXBuildFile; fileRef = 79F8079C1E87F55E00280F40 /* ACCSiteConfiguration.m */; };
		79FCC4091E86D9F800599F31 /* ACCVenueDataModel.m in Sources */ = {isa = PBXBuildFile; fileRef = 79FCC4081E86D9F800599F31 /* ACCVenueDataModel.m */; };
		79FCC40D1E86EDD300599F31 /* ACCPhotoDataModel.m in Sources */ = {isa = PBXBuildFile; fileRef = 79FCC40C1E86EDD300599F31 /* ACCPhotoDataModel.m */; };
		79FCC4131E86F27F00599F31 /* ACCBaseDataModel.m in Sources */ = {isa = PBXBuildFile; fileRef = 79FCC4121E86F27F00599F31 /* ACCBaseDataModel.m */; };
		79FCC4171E86F65800599F31 /* ACCVenueExploreDataModel.m in Sources */ = {isa = PBXBuildFile; fileRef = 79FCC4161E86F65800599F31 /* ACCVenueExploreDataModel.m */; };
		79FCC41B1E86FAF200599F31 /* ACCVenueGroupDataModel.m in Sources */ = {isa = PBXBuildFile; fileRef = 79FCC41A1E86FAF200599F31 /* ACCVenueGroupDataModel.m */; };
		79FCC41F1E86FC3E00599F31 /* ACCPhotoGroupDataModel.m in Sources */ = {isa = PBXBuildFile; fileRef = 79FCC41E1E86FC3E00599F31 /* ACCPhotoGroupDataModel.m */; };
		79FCC4241E87103200599F31 /* ACCListingTableViewCell.m in Sources */ = {isa = PBXBuildFile; fileRef = 79FCC4231E87103200599F31 /* ACCListingTableViewCell.m */; };
		79FCC4281E8714A800599F31 /* ACCListingRatingView.m in Sources */ = {isa = PBXBuildFile; fileRef = 79FCC4271E8714A800599F31 /* ACCListingRatingView.m */; };
		79FCC42F1E871D8000599F31 /* ACCAppearanceController.m in Sources */ = {isa = PBXBuildFile; fileRef = 79FCC42E1E871D8000599F31 /* ACCAppearanceController.m */; };
		79FCC4311E872A7A00599F31 /* ACCListingRatingView.xib in Resources */ = {isa = PBXBuildFile; fileRef = 79FCC4301E872A7A00599F31 /* ACCListingRatingView.xib */; };
		79FCC4341E8730A700599F31 /* UIColor+Helper.m in Sources */ = {isa = PBXBuildFile; fileRef = 79FCC4331E8730A700599F31 /* UIColor+Helper.m */; };
		79FCC4381E8735A500599F31 /* ACCSettingsViewController.m in Sources */ = {isa = PBXBuildFile; fileRef = 79FCC4371E8735A500599F31 /* ACCSettingsViewController.m */; };
		79FCC43E1E873F7B00599F31 /* ACCSettingsPresenter.m in Sources */ = {isa = PBXBuildFile; fileRef = 79FCC43D1E873F7B00599F31 /* ACCSettingsPresenter.m */; };
		79FCC4421E87449100599F31 /* ACCUserCacheService.m in Sources */ = {isa = PBXBuildFile; fileRef = 79FCC4411E87449100599F31 /* ACCUserCacheService.m */; };
/* End PBXBuildFile section */

/* Begin PBXContainerItemProxy section */
		79001F651E86722600436D56 /* PBXContainerItemProxy */ = {
			isa = PBXContainerItemProxy;
			containerPortal = 79001F431E86722500436D56 /* Project object */;
			proxyType = 1;
			remoteGlobalIDString = 79001F4A1E86722500436D56;
			remoteInfo = ACCApp;
		};
/* End PBXContainerItemProxy section */

/* Begin PBXFileReference section */
		79001F4B1E86722600436D56 /* ACCApp.app */ = {isa = PBXFileReference; explicitFileType = wrapper.application; includeInIndex = 0; path = ACCApp.app; sourceTree = BUILT_PRODUCTS_DIR; };
		79001F4F1E86722600436D56 /* main.m */ = {isa = PBXFileReference; lastKnownFileType = sourcecode.c.objc; path = main.m; sourceTree = "<group>"; };
		79001F511E86722600436D56 /* AppDelegate.h */ = {isa = PBXFileReference; lastKnownFileType = sourcecode.c.h; path = AppDelegate.h; sourceTree = "<group>"; };
		79001F521E86722600436D56 /* AppDelegate.m */ = {isa = PBXFileReference; lastKnownFileType = sourcecode.c.objc; path = AppDelegate.m; sourceTree = "<group>"; };
		79001F581E86722600436D56 /* Base */ = {isa = PBXFileReference; lastKnownFileType = file.storyboard; name = Base; path = Base.lproj/Main.storyboard; sourceTree = "<group>"; };
		79001F5A1E86722600436D56 /* Assets.xcassets */ = {isa = PBXFileReference; lastKnownFileType = folder.assetcatalog; path = Assets.xcassets; sourceTree = "<group>"; };
		79001F5D1E86722600436D56 /* Base */ = {isa = PBXFileReference; lastKnownFileType = file.storyboard; name = Base; path = Base.lproj/LaunchScreen.storyboard; sourceTree = "<group>"; };
		79001F5F1E86722600436D56 /* Info.plist */ = {isa = PBXFileReference; lastKnownFileType = text.plist.xml; path = Info.plist; sourceTree = "<group>"; };
		79001F641E86722600436D56 /* ACCAppTests.xctest */ = {isa = PBXFileReference; explicitFileType = wrapper.cfbundle; includeInIndex = 0; path = ACCAppTests.xctest; sourceTree = BUILT_PRODUCTS_DIR; };
		79001F681E86722600436D56 /* ACCAppTests.m */ = {isa = PBXFileReference; lastKnownFileType = sourcecode.c.objc; path = ACCAppTests.m; sourceTree = "<group>"; };
		79001F6A1E86722600436D56 /* Info.plist */ = {isa = PBXFileReference; lastKnownFileType = text.plist.xml; path = Info.plist; sourceTree = "<group>"; };
		79001F8E1E86791700436D56 /* ACCListingViewController.h */ = {isa = PBXFileReference; fileEncoding = 4; lastKnownFileType = sourcecode.c.h; name = ACCListingViewController.h; path = Modules/ListingModule/ViewControllers/ListingViewController/ACCListingViewController.h; sourceTree = "<group>"; };
		79001F8F1E86791700436D56 /* ACCListingViewController.m */ = {isa = PBXFileReference; fileEncoding = 4; lastKnownFileType = sourcecode.c.objc; name = ACCListingViewController.m; path = Modules/ListingModule/ViewControllers/ListingViewController/ACCListingViewController.m; sourceTree = "<group>"; };
		79001F921E86794000436D56 /* IACCListingView.h */ = {isa = PBXFileReference; lastKnownFileType = sourcecode.c.h; name = IACCListingView.h; path = Modules/ListingModule/Interfaces/IACCListingView.h; sourceTree = "<group>"; };
		79001F931E867AC800436D56 /* IACCListingPresenter.h */ = {isa = PBXFileReference; lastKnownFileType = sourcecode.c.h; name = IACCListingPresenter.h; path = Modules/ListingModule/Interfaces/IACCListingPresenter.h; sourceTree = "<group>"; };
		79001F951E867D1000436D56 /* ACCListingPresenter.h */ = {isa = PBXFileReference; fileEncoding = 4; lastKnownFileType = sourcecode.c.h; name = ACCListingPresenter.h; path = Modules/ListingModule/Presenters/ACCListingPresenter.h; sourceTree = "<group>"; };
		79001F961E867D1000436D56 /* ACCListingPresenter.m */ = {isa = PBXFileReference; fileEncoding = 4; lastKnownFileType = sourcecode.c.objc; name = ACCListingPresenter.m; path = Modules/ListingModule/Presenters/ACCListingPresenter.m; sourceTree = "<group>"; };
		79001F9E1E8687EF00436D56 /* ACCMainViewController.h */ = {isa = PBXFileReference; fileEncoding = 4; lastKnownFileType = sourcecode.c.h; name = ACCMainViewController.h; path = Modules/MainModule/ViewControllers/MainViewController/ACCMainViewController.h; sourceTree = "<group>"; };
		79001F9F1E8687EF00436D56 /* ACCMainViewController.m */ = {isa = PBXFileReference; fileEncoding = 4; lastKnownFileType = sourcecode.c.objc; name = ACCMainViewController.m; path = Modules/MainModule/ViewControllers/MainViewController/ACCMainViewController.m; sourceTree = "<group>"; };
		79001FAC1E86A3D400436D56 /* UIStoryboard+Helper.h */ = {isa = PBXFileReference; fileEncoding = 4; lastKnownFileType = sourcecode.c.h; name = "UIStoryboard+Helper.h"; path = "Core/Categories/UIStoryboard+Helper.h"; sourceTree = "<group>"; };
		79001FAD1E86A3D400436D56 /* UIStoryboard+Helper.m */ = {isa = PBXFileReference; fileEncoding = 4; lastKnownFileType = sourcecode.c.objc; name = "UIStoryboard+Helper.m"; path = "Core/Categories/UIStoryboard+Helper.m"; sourceTree = "<group>"; };
		79001FB11E86A83C00436D56 /* ACCLocationService.h */ = {isa = PBXFileReference; fileEncoding = 4; lastKnownFileType = sourcecode.c.h; name = ACCLocationService.h; path = Core/Services/LocationService/ACCLocationService.h; sourceTree = "<group>"; };
		79001FB21E86A83C00436D56 /* ACCLocationService.m */ = {isa = PBXFileReference; fileEncoding = 4; lastKnownFileType = sourcecode.c.objc; name = ACCLocationService.m; path = Core/Services/LocationService/ACCLocationService.m; sourceTree = "<group>"; };
		79001FB61E86A8C400436D56 /* CoreLocation.framework */ = {isa = PBXFileReference; lastKnownFileType = wrapper.framework; name = CoreLocation.framework; path = System/Library/Frameworks/CoreLocation.framework; sourceTree = SDKROOT; };
		79001FB81E86AA2A00436D56 /* IACCLocationService.h */ = {isa = PBXFileReference; lastKnownFileType = sourcecode.c.h; name = IACCLocationService.h; path = Core/Services/Interfaces/IACCLocationService.h; sourceTree = "<group>"; };
		79001FB91E86BA6F00436D56 /* ACCHttpService.h */ = {isa = PBXFileReference; fileEncoding = 4; lastKnownFileType = sourcecode.c.h; name = ACCHttpService.h; path = Core/Services/HttpService/ACCHttpService.h; sourceTree = "<group>"; };
		79001FBA1E86BA6F00436D56 /* ACCHttpService.m */ = {isa = PBXFileReference; fileEncoding = 4; lastKnownFileType = sourcecode.c.objc; name = ACCHttpService.m; path = Core/Services/HttpService/ACCHttpService.m; sourceTree = "<group>"; };
		79001FBD1E86BA9200436D56 /* IACCHttpService.h */ = {isa = PBXFileReference; lastKnownFileType = sourcecode.c.h; name = IACCHttpService.h; path = Core/Services/Interfaces/IACCHttpService.h; sourceTree = "<group>"; };
		79F807981E87F49C00280F40 /* ACCSettingsConfiguration.h */ = {isa = PBXFileReference; fileEncoding = 4; lastKnownFileType = sourcecode.c.h; name = ACCSettingsConfiguration.h; path = Core/Configurations/SettingsConfiguration/ACCSettingsConfiguration.h; sourceTree = "<group>"; };
		79F807991E87F49C00280F40 /* ACCSettingsConfiguration.m */ = {isa = PBXFileReference; fileEncoding = 4; lastKnownFileType = sourcecode.c.objc; name = ACCSettingsConfiguration.m; path = Core/Configurations/SettingsConfiguration/ACCSettingsConfiguration.m; sourceTree = "<group>"; };
		79F8079B1E87F55E00280F40 /* ACCSiteConfiguration.h */ = {isa = PBXFileReference; fileEncoding = 4; lastKnownFileType = sourcecode.c.h; name = ACCSiteConfiguration.h; path = Core/Configurations/SiteConfiguration/ACCSiteConfiguration.h; sourceTree = "<group>"; };
		79F8079C1E87F55E00280F40 /* ACCSiteConfiguration.m */ = {isa = PBXFileReference; fileEncoding = 4; lastKnownFileType = sourcecode.c.objc; name = ACCSiteConfiguration.m; path = Core/Configurations/SiteConfiguration/ACCSiteConfiguration.m; sourceTree = "<group>"; };
		79FCC4071E86D9F800599F31 /* ACCVenueDataModel.h */ = {isa = PBXFileReference; fileEncoding = 4; lastKnownFileType = sourcecode.c.h; name = ACCVenueDataModel.h; path = Modules/ListingModule/DataModels/ACCVenueDataModel/ACCVenueDataModel.h; sourceTree = "<group>"; };
		79FCC4081E86D9F800599F31 /* ACCVenueDataModel.m */ = {isa = PBXFileReference; fileEncoding = 4; lastKnownFileType = sourcecode.c.objc; name = ACCVenueDataModel.m; path = Modules/ListingModule/DataModels/ACCVenueDataModel/ACCVenueDataModel.m; sourceTree = "<group>"; };
		79FCC40B1E86EDD300599F31 /* ACCPhotoDataModel.h */ = {isa = PBXFileReference; fileEncoding = 4; lastKnownFileType = sourcecode.c.h; name = ACCPhotoDataModel.h; path = Modules/ListingModule/DataModels/ACCPhotoDataModel/ACCPhotoDataModel.h; sourceTree = "<group>"; };
		79FCC40C1E86EDD300599F31 /* ACCPhotoDataModel.m */ = {isa = PBXFileReference; fileEncoding = 4; lastKnownFileType = sourcecode.c.objc; name = ACCPhotoDataModel.m; path = Modules/ListingModule/DataModels/ACCPhotoDataModel/ACCPhotoDataModel.m; sourceTree = "<group>"; };
		79FCC4111E86F27F00599F31 /* ACCBaseDataModel.h */ = {isa = PBXFileReference; fileEncoding = 4; lastKnownFileType = sourcecode.c.h; name = ACCBaseDataModel.h; path = Core/DataModels/ACCBaseDataModel/ACCBaseDataModel.h; sourceTree = "<group>"; };
		79FCC4121E86F27F00599F31 /* ACCBaseDataModel.m */ = {isa = PBXFileReference; fileEncoding = 4; lastKnownFileType = sourcecode.c.objc; name = ACCBaseDataModel.m; path = Core/DataModels/ACCBaseDataModel/ACCBaseDataModel.m; sourceTree = "<group>"; };
		79FCC4151E86F65800599F31 /* ACCVenueExploreDataModel.h */ = {isa = PBXFileReference; fileEncoding = 4; lastKnownFileType = sourcecode.c.h; name = ACCVenueExploreDataModel.h; path = Modules/ListingModule/DataModels/ACCVenueExploreDataModel/ACCVenueExploreDataModel.h; sourceTree = "<group>"; };
		79FCC4161E86F65800599F31 /* ACCVenueExploreDataModel.m */ = {isa = PBXFileReference; fileEncoding = 4; lastKnownFileType = sourcecode.c.objc; name = ACCVenueExploreDataModel.m; path = Modules/ListingModule/DataModels/ACCVenueExploreDataModel/ACCVenueExploreDataModel.m; sourceTree = "<group>"; };
		79FCC4191E86FAF200599F31 /* ACCVenueGroupDataModel.h */ = {isa = PBXFileReference; fileEncoding = 4; lastKnownFileType = sourcecode.c.h; name = ACCVenueGroupDataModel.h; path = Modules/ListingModule/DataModels/ACCVenueGroupDataModel/ACCVenueGroupDataModel.h; sourceTree = "<group>"; };
		79FCC41A1E86FAF200599F31 /* ACCVenueGroupDataModel.m */ = {isa = PBXFileReference; fileEncoding = 4; lastKnownFileType = sourcecode.c.objc; name = ACCVenueGroupDataModel.m; path = Modules/ListingModule/DataModels/ACCVenueGroupDataModel/ACCVenueGroupDataModel.m; sourceTree = "<group>"; };
		79FCC41D1E86FC3E00599F31 /* ACCPhotoGroupDataModel.h */ = {isa = PBXFileReference; fileEncoding = 4; lastKnownFileType = sourcecode.c.h; name = ACCPhotoGroupDataModel.h; path = Modules/ListingModule/DataModels/ACCPhotoGroupDataModel/ACCPhotoGroupDataModel.h; sourceTree = "<group>"; };
		79FCC41E1E86FC3E00599F31 /* ACCPhotoGroupDataModel.m */ = {isa = PBXFileReference; fileEncoding = 4; lastKnownFileType = sourcecode.c.objc; name = ACCPhotoGroupDataModel.m; path = Modules/ListingModule/DataModels/ACCPhotoGroupDataModel/ACCPhotoGroupDataModel.m; sourceTree = "<group>"; };
		79FCC4221E87103200599F31 /* ACCListingTableViewCell.h */ = {isa = PBXFileReference; fileEncoding = 4; lastKnownFileType = sourcecode.c.h; name = ACCListingTableViewCell.h; path = Modules/ListingModule/View/ACCListingTableViewCell/ACCListingTableViewCell.h; sourceTree = "<group>"; };
		79FCC4231E87103200599F31 /* ACCListingTableViewCell.m */ = {isa = PBXFileReference; fileEncoding = 4; lastKnownFileType = sourcecode.c.objc; name = ACCListingTableViewCell.m; path = Modules/ListingModule/View/ACCListingTableViewCell/ACCListingTableViewCell.m; sourceTree = "<group>"; };
		79FCC4261E8714A800599F31 /* ACCListingRatingView.h */ = {isa = PBXFileReference; fileEncoding = 4; lastKnownFileType = sourcecode.c.h; name = ACCListingRatingView.h; path = Modules/ListingModule/View/ACCListingRatingView/ACCListingRatingView.h; sourceTree = "<group>"; };
		79FCC4271E8714A800599F31 /* ACCListingRatingView.m */ = {isa = PBXFileReference; fileEncoding = 4; lastKnownFileType = sourcecode.c.objc; name = ACCListingRatingView.m; path = Modules/ListingModule/View/ACCListingRatingView/ACCListingRatingView.m; sourceTree = "<group>"; };
		79FCC42D1E871D8000599F31 /* ACCAppearanceController.h */ = {isa = PBXFileReference; fileEncoding = 4; lastKnownFileType = sourcecode.c.h; path = ACCAppearanceController.h; sourceTree = "<group>"; };
		79FCC42E1E871D8000599F31 /* ACCAppearanceController.m */ = {isa = PBXFileReference; fileEncoding = 4; lastKnownFileType = sourcecode.c.objc; path = ACCAppearanceController.m; sourceTree = "<group>"; };
		79FCC4301E872A7A00599F31 /* ACCListingRatingView.xib */ = {isa = PBXFileReference; fileEncoding = 4; lastKnownFileType = file.xib; name = ACCListingRatingView.xib; path = Modules/ListingModule/View/ACCListingRatingView/ACCListingRatingView.xib; sourceTree = "<group>"; };
		79FCC4321E8730A700599F31 /* UIColor+Helper.h */ = {isa = PBXFileReference; fileEncoding = 4; lastKnownFileType = sourcecode.c.h; name = "UIColor+Helper.h"; path = "Core/Categories/UIColor+Helper.h"; sourceTree = "<group>"; };
		79FCC4331E8730A700599F31 /* UIColor+Helper.m */ = {isa = PBXFileReference; fileEncoding = 4; lastKnownFileType = sourcecode.c.objc; name = "UIColor+Helper.m"; path = "Core/Categories/UIColor+Helper.m"; sourceTree = "<group>"; };
		79FCC4361E8735A500599F31 /* ACCSettingsViewController.h */ = {isa = PBXFileReference; fileEncoding = 4; lastKnownFileType = sourcecode.c.h; name = ACCSettingsViewController.h; path = Modules/SettingsModule/ViewControllers/ACCSettingsViewController/ACCSettingsViewController.h; sourceTree = "<group>"; };
		79FCC4371E8735A500599F31 /* ACCSettingsViewController.m */ = {isa = PBXFileReference; fileEncoding = 4; lastKnownFileType = sourcecode.c.objc; name = ACCSettingsViewController.m; path = Modules/SettingsModule/ViewControllers/ACCSettingsViewController/ACCSettingsViewController.m; sourceTree = "<group>"; };
		79FCC4391E873D8500599F31 /* IACCSettingsView.h */ = {isa = PBXFileReference; lastKnownFileType = sourcecode.c.h; name = IACCSettingsView.h; path = Modules/SettingsModule/Interfaces/IACCSettingsView.h; sourceTree = "<group>"; };
		79FCC43A1E873D9B00599F31 /* IACCSettingsPresenter.h */ = {isa = PBXFileReference; lastKnownFileType = sourcecode.c.h; name = IACCSettingsPresenter.h; path = Modules/SettingsModule/Interfaces/IACCSettingsPresenter.h; sourceTree = "<group>"; };
		79FCC43C1E873F7B00599F31 /* ACCSettingsPresenter.h */ = {isa = PBXFileReference; fileEncoding = 4; lastKnownFileType = sourcecode.c.h; name = ACCSettingsPresenter.h; path = Modules/SettingsModule/Presenters/ACCSettingsPresenter/ACCSettingsPresenter.h; sourceTree = "<group>"; };
		79FCC43D1E873F7B00599F31 /* ACCSettingsPresenter.m */ = {isa = PBXFileReference; fileEncoding = 4; lastKnownFileType = sourcecode.c.objc; name = ACCSettingsPresenter.m; path = Modules/SettingsModule/Presenters/ACCSettingsPresenter/ACCSettingsPresenter.m; sourceTree = "<group>"; };
		79FCC43F1E87445B00599F31 /* IACCUserCacheService.h */ = {isa = PBXFileReference; lastKnownFileType = sourcecode.c.h; name = IACCUserCacheService.h; path = Core/Services/Interfaces/IACCUserCacheService.h; sourceTree = "<group>"; };
		79FCC4401E87449100599F31 /* ACCUserCacheService.h */ = {isa = PBXFileReference; fileEncoding = 4; lastKnownFileType = sourcecode.c.h; name = ACCUserCacheService.h; path = Core/Services/UserCacheService/ACCUserCacheService.h; sourceTree = "<group>"; };
		79FCC4411E87449100599F31 /* ACCUserCacheService.m */ = {isa = PBXFileReference; fileEncoding = 4; lastKnownFileType = sourcecode.c.objc; name = ACCUserCacheService.m; path = Core/Services/UserCacheService/ACCUserCacheService.m; sourceTree = "<group>"; };
		CF287026FFDBB874EF713561 /* Pods-ACCApp.release.xcconfig */ = {isa = PBXFileReference; includeInIndex = 1; lastKnownFileType = text.xcconfig; name = "Pods-ACCApp.release.xcconfig"; path = "Pods/Target Support Files/Pods-ACCApp/Pods-ACCApp.release.xcconfig"; sourceTree = "<group>"; };
		E58E55B6FF0C41C15DBFEEC4 /* libPods-ACCApp.a */ = {isa = PBXFileReference; explicitFileType = archive.ar; includeInIndex = 0; path = "libPods-ACCApp.a"; sourceTree = BUILT_PRODUCTS_DIR; };
		E9EF29AB0199A1DA44A06160 /* Pods-ACCApp.debug.xcconfig */ = {isa = PBXFileReference; includeInIndex = 1; lastKnownFileType = text.xcconfig; name = "Pods-ACCApp.debug.xcconfig"; path = "Pods/Target Support Files/Pods-ACCApp/Pods-ACCApp.debug.xcconfig"; sourceTree = "<group>"; };
/* End PBXFileReference section */

/* Begin PBXFrameworksBuildPhase section */
		79001F481E86722500436D56 /* Frameworks */ = {
			isa = PBXFrameworksBuildPhase;
			buildActionMask = 2147483647;
			files = (
				79001FB71E86A8C400436D56 /* CoreLocation.framework in Frameworks */,
				405AAACE1B69FAAF69A17810 /* libPods-ACCApp.a in Frameworks */,
			);
			runOnlyForDeploymentPostprocessing = 0;
		};
		79001F611E86722600436D56 /* Frameworks */ = {
			isa = PBXFrameworksBuildPhase;
			buildActionMask = 2147483647;
			files = (
			);
			runOnlyForDeploymentPostprocessing = 0;
		};
/* End PBXFrameworksBuildPhase section */

/* Begin PBXGroup section */
		79001F421E86722500436D56 = {
			isa = PBXGroup;
			children = (
				79001F4D1E86722600436D56 /* ACCApp */,
				79001F671E86722600436D56 /* ACCAppTests */,
				79001F4C1E86722600436D56 /* Products */,
				79001FB51E86A8C400436D56 /* Frameworks */,
				9E8BBCFE0769C93C56FB88CA /* Pods */,
			);
			sourceTree = "<group>";
		};
		79001F4C1E86722600436D56 /* Products */ = {
			isa = PBXGroup;
			children = (
				79001F4B1E86722600436D56 /* ACCApp.app */,
				79001F641E86722600436D56 /* ACCAppTests.xctest */,
			);
			name = Products;
			sourceTree = "<group>";
		};
		79001F4D1E86722600436D56 /* ACCApp */ = {
			isa = PBXGroup;
			children = (
				79001F761E8673D900436D56 /* AppDelegate */,
				79001F741E86739A00436D56 /* Modules */,
				79001F861E86767600436D56 /* Core */,
				79001F7C1E86748300436D56 /* Resources */,
				79001F4E1E86722600436D56 /* Supporting Files */,
			);
			path = ACCApp;
			sourceTree = "<group>";
		};
		79001F4E1E86722600436D56 /* Supporting Files */ = {
			isa = PBXGroup;
			children = (
				79001F4F1E86722600436D56 /* main.m */,
			);
			name = "Supporting Files";
			sourceTree = "<group>";
		};
		79001F671E86722600436D56 /* ACCAppTests */ = {
			isa = PBXGroup;
			children = (
				79001F681E86722600436D56 /* ACCAppTests.m */,
				79001F6A1E86722600436D56 /* Info.plist */,
			);
			path = ACCAppTests;
			sourceTree = "<group>";
		};
		79001F741E86739A00436D56 /* Modules */ = {
			isa = PBXGroup;
			children = (
				79001F9B1E86877B00436D56 /* MainModule */,
				79001F791E86740C00436D56 /* ListingModule */,
				79001F7A1E86741E00436D56 /* SettingsModule */,
			);
			name = Modules;
			sourceTree = "<group>";
		};
		79001F751E8673A200436D56 /* Services */ = {
			isa = PBXGroup;
			children = (
				79001FB01E86A73600436D56 /* Interfaces */,
				79001F771E8673E600436D56 /* HttpService */,
				79001F781E8673F400436D56 /* LocationService */,
				79001F841E8675AD00436D56 /* UserCacheService */,
			);
			name = Services;
			sourceTree = "<group>";
		};
		79001F761E8673D900436D56 /* AppDelegate */ = {
			isa = PBXGroup;
			children = (
				79001F511E86722600436D56 /* AppDelegate.h */,
				79001F521E86722600436D56 /* AppDelegate.m */,
			);
			name = AppDelegate;
			sourceTree = "<group>";
		};
		79001F771E8673E600436D56 /* HttpService */ = {
			isa = PBXGroup;
			children = (
				79001FB91E86BA6F00436D56 /* ACCHttpService.h */,
				79001FBA1E86BA6F00436D56 /* ACCHttpService.m */,
			);
			name = HttpService;
			sourceTree = "<group>";
		};
		79001F781E8673F400436D56 /* LocationService */ = {
			isa = PBXGroup;
			children = (
				79001FB11E86A83C00436D56 /* ACCLocationService.h */,
				79001FB21E86A83C00436D56 /* ACCLocationService.m */,
			);
			name = LocationService;
			sourceTree = "<group>";
		};
		79001F791E86740C00436D56 /* ListingModule */ = {
			isa = PBXGroup;
			children = (
				79001F7E1E8674CD00436D56 /* DataModels */,
				79001F811E86758100436D56 /* Interfaces */,
				79001F7F1E86751A00436D56 /* Presenters */,
				79FCC4201E870FF300599F31 /* View */,
				79001F7D1E8674A700436D56 /* ViewControllers */,
			);
			name = ListingModule;
			sourceTree = "<group>";
		};
		79001F7A1E86741E00436D56 /* SettingsModule */ = {
			isa = PBXGroup;
			children = (
				79001F831E86759700436D56 /* Interfaces */,
				79001F851E86761500436D56 /* Presenters */,
				79001F821E86759100436D56 /* ViewControllers */,
			);
			name = SettingsModule;
			sourceTree = "<group>";
		};
		79001F7B1E86743800436D56 /* Storyboards */ = {
			isa = PBXGroup;
			children = (
				79001F5C1E86722600436D56 /* LaunchScreen.storyboard */,
				79001F571E86722600436D56 /* Main.storyboard */,
			);
			name = Storyboards;
			sourceTree = "<group>";
		};
		79001F7C1E86748300436D56 /* Resources */ = {
			isa = PBXGroup;
			children = (
				79001F7B1E86743800436D56 /* Storyboards */,
				79001F5A1E86722600436D56 /* Assets.xcassets */,
				79001F5F1E86722600436D56 /* Info.plist */,
			);
			name = Resources;
			sourceTree = "<group>";
		};
		79001F7D1E8674A700436D56 /* ViewControllers */ = {
			isa = PBXGroup;
			children = (
				79001F8A1E86788500436D56 /* ListingViewController */,
			);
			name = ViewControllers;
			sourceTree = "<group>";
		};
		79001F7E1E8674CD00436D56 /* DataModels */ = {
			isa = PBXGroup;
			children = (
				79FCC40A1E86EDA500599F31 /* ACCPhotoDataModel */,
				79FCC41C1E86FC0700599F31 /* ACCPhotoGroupDataModel */,
				79FCC4061E86D7BB00599F31 /* ACCVenueDataModel */,
				79FCC4141E86F62600599F31 /* ACCVenueExploreDataModel */,
				79FCC4181E86FABD00599F31 /* ACCVenueGroupDataModel */,
			);
			name = DataModels;
			sourceTree = "<group>";
		};
		79001F7F1E86751A00436D56 /* Presenters */ = {
			isa = PBXGroup;
			children = (
				79001F941E867CCA00436D56 /* ListingPresenter */,
			);
			name = Presenters;
			sourceTree = "<group>";
		};
		79001F811E86758100436D56 /* Interfaces */ = {
			isa = PBXGroup;
			children = (
				79001F921E86794000436D56 /* IACCListingView.h */,
				79001F931E867AC800436D56 /* IACCListingPresenter.h */,
			);
			name = Interfaces;
			sourceTree = "<group>";
		};
		79001F821E86759100436D56 /* ViewControllers */ = {
			isa = PBXGroup;
			children = (
				79FCC4351E87356300599F31 /* ACCSettingsViewController */,
			);
			name = ViewControllers;
			sourceTree = "<group>";
		};
		79001F831E86759700436D56 /* Interfaces */ = {
			isa = PBXGroup;
			children = (
				79FCC4391E873D8500599F31 /* IACCSettingsView.h */,
				79FCC43A1E873D9B00599F31 /* IACCSettingsPresenter.h */,
			);
			name = Interfaces;
			sourceTree = "<group>";
		};
		79001F841E8675AD00436D56 /* UserCacheService */ = {
			isa = PBXGroup;
			children = (
				79FCC4401E87449100599F31 /* ACCUserCacheService.h */,
				79FCC4411E87449100599F31 /* ACCUserCacheService.m */,
			);
			name = UserCacheService;
			sourceTree = "<group>";
		};
		79001F851E86761500436D56 /* Presenters */ = {
			isa = PBXGroup;
			children = (
				79FCC43B1E873F4300599F31 /* ACCSettingsPresenter */,
			);
			name = Presenters;
			sourceTree = "<group>";
		};
		79001F861E86767600436D56 /* Core */ = {
			isa = PBXGroup;
			children = (
				79F807941E87F30000280F40 /* Configurations */,
				79FCC40F1E86F24D00599F31 /* DataModels */,
				79001FAB1E86A33D00436D56 /* Categories */,
				79001F881E86779900436D56 /* Controllers */,
				79001F751E8673A200436D56 /* Services */,
			);
			name = Core;
			sourceTree = "<group>";
		};
		79001F881E86779900436D56 /* Controllers */ = {
			isa = PBXGroup;
			children = (
				79FCC42C1E871D8000599F31 /* AppearanceController */,
			);
			name = Controllers;
			sourceTree = "<group>";
		};
		79001F8A1E86788500436D56 /* ListingViewController */ = {
			isa = PBXGroup;
			children = (
				79001F8E1E86791700436D56 /* ACCListingViewController.h */,
				79001F8F1E86791700436D56 /* ACCListingViewController.m */,
			);
			name = ListingViewController;
			sourceTree = "<group>";
		};
		79001F941E867CCA00436D56 /* ListingPresenter */ = {
			isa = PBXGroup;
			children = (
				79001F951E867D1000436D56 /* ACCListingPresenter.h */,
				79001F961E867D1000436D56 /* ACCListingPresenter.m */,
			);
			name = ListingPresenter;
			sourceTree = "<group>";
		};
		79001F9B1E86877B00436D56 /* MainModule */ = {
			isa = PBXGroup;
			children = (
				79001F9C1E86878800436D56 /* ViewControllers */,
			);
			name = MainModule;
			sourceTree = "<group>";
		};
		79001F9C1E86878800436D56 /* ViewControllers */ = {
			isa = PBXGroup;
			children = (
				79001F9D1E86879C00436D56 /* MainViewController */,
			);
			name = ViewControllers;
			sourceTree = "<group>";
		};
		79001F9D1E86879C00436D56 /* MainViewController */ = {
			isa = PBXGroup;
			children = (
				79001F9E1E8687EF00436D56 /* ACCMainViewController.h */,
				79001F9F1E8687EF00436D56 /* ACCMainViewController.m */,
			);
			name = MainViewController;
			sourceTree = "<group>";
		};
		79001FAB1E86A33D00436D56 /* Categories */ = {
			isa = PBXGroup;
			children = (
				79FCC4321E8730A700599F31 /* UIColor+Helper.h */,
				79FCC4331E8730A700599F31 /* UIColor+Helper.m */,
				79001FAC1E86A3D400436D56 /* UIStoryboard+Helper.h */,
				79001FAD1E86A3D400436D56 /* UIStoryboard+Helper.m */,
			);
			name = Categories;
			sourceTree = "<group>";
		};
		79001FB01E86A73600436D56 /* Interfaces */ = {
			isa = PBXGroup;
			children = (
				79001FBD1E86BA9200436D56 /* IACCHttpService.h */,
				79001FB81E86AA2A00436D56 /* IACCLocationService.h */,
				79FCC43F1E87445B00599F31 /* IACCUserCacheService.h */,
			);
			name = Interfaces;
			sourceTree = "<group>";
		};
		79001FB51E86A8C400436D56 /* Frameworks */ = {
			isa = PBXGroup;
			children = (
				79001FB61E86A8C400436D56 /* CoreLocation.framework */,
				E58E55B6FF0C41C15DBFEEC4 /* libPods-ACCApp.a */,
			);
			name = Frameworks;
			sourceTree = "<group>";
		};
		79F807941E87F30000280F40 /* Configurations */ = {
			isa = PBXGroup;
			children = (
				79F807961E87F32000280F40 /* SettingsConfiguration */,
				79F807951E87F30600280F40 /* SiteConfiguration */,
			);
			name = Configurations;
			sourceTree = "<group>";
		};
		79F807951E87F30600280F40 /* SiteConfiguration */ = {
			isa = PBXGroup;
			children = (
				79F8079B1E87F55E00280F40 /* ACCSiteConfiguration.h */,
				79F8079C1E87F55E00280F40 /* ACCSiteConfiguration.m */,
			);
			name = SiteConfiguration;
			sourceTree = "<group>";
		};
		79F807961E87F32000280F40 /* SettingsConfiguration */ = {
			isa = PBXGroup;
			children = (
				79F807981E87F49C00280F40 /* ACCSettingsConfiguration.h */,
				79F807991E87F49C00280F40 /* ACCSettingsConfiguration.m */,
			);
			name = SettingsConfiguration;
			sourceTree = "<group>";
		};
		79FCC4061E86D7BB00599F31 /* ACCVenueDataModel */ = {
			isa = PBXGroup;
			children = (
				79FCC4071E86D9F800599F31 /* ACCVenueDataModel.h */,
				79FCC4081E86D9F800599F31 /* ACCVenueDataModel.m */,
			);
			name = ACCVenueDataModel;
			sourceTree = "<group>";
		};
		79FCC40A1E86EDA500599F31 /* ACCPhotoDataModel */ = {
			isa = PBXGroup;
			children = (
				79FCC40B1E86EDD300599F31 /* ACCPhotoDataModel.h */,
				79FCC40C1E86EDD300599F31 /* ACCPhotoDataModel.m */,
			);
			name = ACCPhotoDataModel;
			sourceTree = "<group>";
		};
		79FCC40F1E86F24D00599F31 /* DataModels */ = {
			isa = PBXGroup;
			children = (
				79FCC4101E86F25B00599F31 /* ACCBaseDataModel */,
			);
			name = DataModels;
			sourceTree = "<group>";
		};
		79FCC4101E86F25B00599F31 /* ACCBaseDataModel */ = {
			isa = PBXGroup;
			children = (
				79FCC4111E86F27F00599F31 /* ACCBaseDataModel.h */,
				79FCC4121E86F27F00599F31 /* ACCBaseDataModel.m */,
			);
			name = ACCBaseDataModel;
			sourceTree = "<group>";
		};
		79FCC4141E86F62600599F31 /* ACCVenueExploreDataModel */ = {
			isa = PBXGroup;
			children = (
				79FCC4151E86F65800599F31 /* ACCVenueExploreDataModel.h */,
				79FCC4161E86F65800599F31 /* ACCVenueExploreDataModel.m */,
			);
			name = ACCVenueExploreDataModel;
			sourceTree = "<group>";
		};
		79FCC4181E86FABD00599F31 /* ACCVenueGroupDataModel */ = {
			isa = PBXGroup;
			children = (
				79FCC4191E86FAF200599F31 /* ACCVenueGroupDataModel.h */,
				79FCC41A1E86FAF200599F31 /* ACCVenueGroupDataModel.m */,
			);
			name = ACCVenueGroupDataModel;
			sourceTree = "<group>";
		};
		79FCC41C1E86FC0700599F31 /* ACCPhotoGroupDataModel */ = {
			isa = PBXGroup;
			children = (
				79FCC41D1E86FC3E00599F31 /* ACCPhotoGroupDataModel.h */,
				79FCC41E1E86FC3E00599F31 /* ACCPhotoGroupDataModel.m */,
			);
			name = ACCPhotoGroupDataModel;
			sourceTree = "<group>";
		};
		79FCC4201E870FF300599F31 /* View */ = {
			isa = PBXGroup;
			children = (
				79FCC4251E87146400599F31 /* ACCListingRatingView */,
				79FCC4211E870FFA00599F31 /* ACCListingTableViewCell */,
			);
			name = View;
			sourceTree = "<group>";
		};
		79FCC4211E870FFA00599F31 /* ACCListingTableViewCell */ = {
			isa = PBXGroup;
			children = (
				79FCC4221E87103200599F31 /* ACCListingTableViewCell.h */,
				79FCC4231E87103200599F31 /* ACCListingTableViewCell.m */,
			);
			name = ACCListingTableViewCell;
			sourceTree = "<group>";
		};
		79FCC4251E87146400599F31 /* ACCListingRatingView */ = {
			isa = PBXGroup;
			children = (
				79FCC4261E8714A800599F31 /* ACCListingRatingView.h */,
				79FCC4271E8714A800599F31 /* ACCListingRatingView.m */,
				79FCC4301E872A7A00599F31 /* ACCListingRatingView.xib */,
			);
			name = ACCListingRatingView;
			sourceTree = "<group>";
		};
		79FCC42C1E871D8000599F31 /* AppearanceController */ = {
			isa = PBXGroup;
			children = (
				79FCC42D1E871D8000599F31 /* ACCAppearanceController.h */,
				79FCC42E1E871D8000599F31 /* ACCAppearanceController.m */,
			);
			name = AppearanceController;
			path = Core/Controller/AppearanceController;
			sourceTree = "<group>";
		};
		79FCC4351E87356300599F31 /* ACCSettingsViewController */ = {
			isa = PBXGroup;
			children = (
				79FCC4361E8735A500599F31 /* ACCSettingsViewController.h */,
				79FCC4371E8735A500599F31 /* ACCSettingsViewController.m */,
			);
			name = ACCSettingsViewController;
			sourceTree = "<group>";
		};
		79FCC43B1E873F4300599F31 /* ACCSettingsPresenter */ = {
			isa = PBXGroup;
			children = (
				79FCC43C1E873F7B00599F31 /* ACCSettingsPresenter.h */,
				79FCC43D1E873F7B00599F31 /* ACCSettingsPresenter.m */,
			);
			name = ACCSettingsPresenter;
			sourceTree = "<group>";
		};
		9E8BBCFE0769C93C56FB88CA /* Pods */ = {
			isa = PBXGroup;
			children = (
				E9EF29AB0199A1DA44A06160 /* Pods-ACCApp.debug.xcconfig */,
				CF287026FFDBB874EF713561 /* Pods-ACCApp.release.xcconfig */,
			);
			name = Pods;
			sourceTree = "<group>";
		};
/* End PBXGroup section */

/* Begin PBXNativeTarget section */
		79001F4A1E86722500436D56 /* ACCApp */ = {
			isa = PBXNativeTarget;
			buildConfigurationList = 79001F6D1E86722600436D56 /* Build configuration list for PBXNativeTarget "ACCApp" */;
			buildPhases = (
				A6530BD7AD1509B95D3B0730 /* [CP] Check Pods Manifest.lock */,
				79001F471E86722500436D56 /* Sources */,
				79001F481E86722500436D56 /* Frameworks */,
				79001F491E86722500436D56 /* Resources */,
				680F29FE415B82BEA1297BFF /* [CP] Embed Pods Frameworks */,
				C750C80A7EF7109015F3B0DB /* [CP] Copy Pods Resources */,
			);
			buildRules = (
			);
			dependencies = (
			);
			name = ACCApp;
			productName = ACCApp;
			productReference = 79001F4B1E86722600436D56 /* ACCApp.app */;
			productType = "com.apple.product-type.application";
		};
		79001F631E86722600436D56 /* ACCAppTests */ = {
			isa = PBXNativeTarget;
			buildConfigurationList = 79001F701E86722600436D56 /* Build configuration list for PBXNativeTarget "ACCAppTests" */;
			buildPhases = (
				79001F601E86722600436D56 /* Sources */,
				79001F611E86722600436D56 /* Frameworks */,
				79001F621E86722600436D56 /* Resources */,
			);
			buildRules = (
			);
			dependencies = (
				79001F661E86722600436D56 /* PBXTargetDependency */,
			);
			name = ACCAppTests;
			productName = ACCAppTests;
			productReference = 79001F641E86722600436D56 /* ACCAppTests.xctest */;
			productType = "com.apple.product-type.bundle.unit-test";
		};
/* End PBXNativeTarget section */

/* Begin PBXProject section */
		79001F431E86722500436D56 /* Project object */ = {
			isa = PBXProject;
			attributes = {
				LastUpgradeCheck = 0820;
				ORGANIZATIONNAME = "Bin Yu";
				TargetAttributes = {
					79001F4A1E86722500436D56 = {
						CreatedOnToolsVersion = 8.2.1;
						DevelopmentTeam = 8BMD2QL62M;
						ProvisioningStyle = Automatic;
					};
					79001F631E86722600436D56 = {
						CreatedOnToolsVersion = 8.2.1;
						DevelopmentTeam = 8BMD2QL62M;
						ProvisioningStyle = Automatic;
						TestTargetID = 79001F4A1E86722500436D56;
					};
				};
			};
			buildConfigurationList = 79001F461E86722500436D56 /* Build configuration list for PBXProject "ACCApp" */;
			compatibilityVersion = "Xcode 3.2";
			developmentRegion = English;
			hasScannedForEncodings = 0;
			knownRegions = (
				en,
				Base,
			);
			mainGroup = 79001F421E86722500436D56;
			productRefGroup = 79001F4C1E86722600436D56 /* Products */;
			projectDirPath = "";
			projectRoot = "";
			targets = (
				79001F4A1E86722500436D56 /* ACCApp */,
				79001F631E86722600436D56 /* ACCAppTests */,
			);
		};
/* End PBXProject section */

/* Begin PBXResourcesBuildPhase section */
		79001F491E86722500436D56 /* Resources */ = {
			isa = PBXResourcesBuildPhase;
			buildActionMask = 2147483647;
			files = (
				79001F5E1E86722600436D56 /* LaunchScreen.storyboard in Resources */,
				79001F5B1E86722600436D56 /* Assets.xcassets in Resources */,
				79FCC4311E872A7A00599F31 /* ACCListingRatingView.xib in Resources */,
				79001F591E86722600436D56 /* Main.storyboard in Resources */,
			);
			runOnlyForDeploymentPostprocessing = 0;
		};
		79001F621E86722600436D56 /* Resources */ = {
			isa = PBXResourcesBuildPhase;
			buildActionMask = 2147483647;
			files = (
			);
			runOnlyForDeploymentPostprocessing = 0;
		};
/* End PBXResourcesBuildPhase section */

/* Begin PBXShellScriptBuildPhase section */
		680F29FE415B82BEA1297BFF /* [CP] Embed Pods Frameworks */ = {
			isa = PBXShellScriptBuildPhase;
			buildActionMask = 2147483647;
			files = (
			);
			inputPaths = (
			);
			name = "[CP] Embed Pods Frameworks";
			outputPaths = (
			);
			runOnlyForDeploymentPostprocessing = 0;
			shellPath = /bin/sh;
			shellScript = "\"${SRCROOT}/Pods/Target Support Files/Pods-ACCApp/Pods-ACCApp-frameworks.sh\"\n";
			showEnvVarsInLog = 0;
		};
		A6530BD7AD1509B95D3B0730 /* [CP] Check Pods Manifest.lock */ = {
			isa = PBXShellScriptBuildPhase;
			buildActionMask = 2147483647;
			files = (
			);
			inputPaths = (
			);
			name = "[CP] Check Pods Manifest.lock";
			outputPaths = (
			);
			runOnlyForDeploymentPostprocessing = 0;
			shellPath = /bin/sh;
			shellScript = "diff \"${PODS_ROOT}/../Podfile.lock\" \"${PODS_ROOT}/Manifest.lock\" > /dev/null\nif [ $? != 0 ] ; then\n    # print error to STDERR\n    echo \"error: The sandbox is not in sync with the Podfile.lock. Run 'pod install' or update your CocoaPods installation.\" >&2\n    exit 1\nfi\n";
			showEnvVarsInLog = 0;
		};
		C750C80A7EF7109015F3B0DB /* [CP] Copy Pods Resources */ = {
			isa = PBXShellScriptBuildPhase;
			buildActionMask = 2147483647;
			files = (
			);
			inputPaths = (
			);
			name = "[CP] Copy Pods Resources";
			outputPaths = (
			);
			runOnlyForDeploymentPostprocessing = 0;
			shellPath = /bin/sh;
			shellScript = "\"${SRCROOT}/Pods/Target Support Files/Pods-ACCApp/Pods-ACCApp-resources.sh\"\n";
			showEnvVarsInLog = 0;
		};
/* End PBXShellScriptBuildPhase section */

/* Begin PBXSourcesBuildPhase section */
		79001F471E86722500436D56 /* Sources */ = {
			isa = PBXSourcesBuildPhase;
			buildActionMask = 2147483647;
			files = (
				79FCC41F1E86FC3E00599F31 /* ACCPhotoGroupDataModel.m in Sources */,
				79FCC43E1E873F7B00599F31 /* ACCSettingsPresenter.m in Sources */,
				79001F901E86791700436D56 /* ACCListingViewController.m in Sources */,
				79FCC4281E8714A800599F31 /* ACCListingRatingView.m in Sources */,
				79001F971E867D1000436D56 /* ACCListingPresenter.m in Sources */,
				79FCC4421E87449100599F31 /* ACCUserCacheService.m in Sources */,
				79FCC4241E87103200599F31 /* ACCListingTableViewCell.m in Sources */,
				79FCC40D1E86EDD300599F31 /* ACCPhotoDataModel.m in Sources */,
				79FCC41B1E86FAF200599F31 /* ACCVenueGroupDataModel.m in Sources */,
				79F8079A1E87F49C00280F40 /* ACCSettingsConfiguration.m in Sources */,
				79FCC42F1E871D8000599F31 /* ACCAppearanceController.m in Sources */,
				79001F531E86722600436D56 /* AppDelegate.m in Sources */,
				79FCC4131E86F27F00599F31 /* ACCBaseDataModel.m in Sources */,
				79FCC4171E86F65800599F31 /* ACCVenueExploreDataModel.m in Sources */,
				79FCC4341E8730A700599F31 /* UIColor+Helper.m in Sources */,
				79001FBB1E86BA6F00436D56 /* ACCHttpService.m in Sources */,
				79001FA01E8687EF00436D56 /* ACCMainViewController.m in Sources */,
				79001FAE1E86A3D400436D56 /* UIStoryboard+Helper.m in Sources */,
				79F8079D1E87F55E00280F40 /* ACCSiteConfiguration.m in Sources */,
				79FCC4091E86D9F800599F31 /* ACCVenueDataModel.m in Sources */,
				79FCC4381E8735A500599F31 /* ACCSettingsViewController.m in Sources */,
				79001FB31E86A83C00436D56 /* ACCLocationService.m in Sources */,
				79001F501E86722600436D56 /* main.m in Sources */,
			);
			runOnlyForDeploymentPostprocessing = 0;
		};
		79001F601E86722600436D56 /* Sources */ = {
			isa = PBXSourcesBuildPhase;
			buildActionMask = 2147483647;
			files = (
				79001F981E867D1000436D56 /* ACCListingPresenter.m in Sources */,
				79001FAF1E86A3D400436D56 /* UIStoryboard+Helper.m in Sources */,
				79001F691E86722600436D56 /* ACCAppTests.m in Sources */,
				79001F911E86791700436D56 /* ACCListingViewController.m in Sources */,
				79001FBC1E86BA6F00436D56 /* ACCHttpService.m in Sources */,
				79001FB41E86A83C00436D56 /* ACCLocationService.m in Sources */,
				79001FA11E8687EF00436D56 /* ACCMainViewController.m in Sources */,
			);
			runOnlyForDeploymentPostprocessing = 0;
		};
/* End PBXSourcesBuildPhase section */

/* Begin PBXTargetDependency section */
		79001F661E86722600436D56 /* PBXTargetDependency */ = {
			isa = PBXTargetDependency;
			target = 79001F4A1E86722500436D56 /* ACCApp */;
			targetProxy = 79001F651E86722600436D56 /* PBXContainerItemProxy */;
		};
/* End PBXTargetDependency section */

/* Begin PBXVariantGroup section */
		79001F571E86722600436D56 /* Main.storyboard */ = {
			isa = PBXVariantGroup;
			children = (
				79001F581E86722600436D56 /* Base */,
			);
			name = Main.storyboard;
			sourceTree = "<group>";
		};
		79001F5C1E86722600436D56 /* LaunchScreen.storyboard */ = {
			isa = PBXVariantGroup;
			children = (
				79001F5D1E86722600436D56 /* Base */,
			);
			name = LaunchScreen.storyboard;
			sourceTree = "<group>";
		};
/* End PBXVariantGroup section */

/* Begin XCBuildConfiguration section */
		79001F6B1E86722600436D56 /* Debug */ = {
			isa = XCBuildConfiguration;
			buildSettings = {
				ALWAYS_SEARCH_USER_PATHS = NO;
				CLANG_ANALYZER_NONNULL = YES;
				CLANG_CXX_LANGUAGE_STANDARD = "gnu++0x";
				CLANG_CXX_LIBRARY = "libc++";
				CLANG_ENABLE_MODULES = YES;
				CLANG_ENABLE_OBJC_ARC = YES;
				CLANG_WARN_BOOL_CONVERSION = YES;
				CLANG_WARN_CONSTANT_CONVERSION = YES;
				CLANG_WARN_DIRECT_OBJC_ISA_USAGE = YES_ERROR;
				CLANG_WARN_DOCUMENTATION_COMMENTS = YES;
				CLANG_WARN_EMPTY_BODY = YES;
				CLANG_WARN_ENUM_CONVERSION = YES;
				CLANG_WARN_INFINITE_RECURSION = YES;
				CLANG_WARN_INT_CONVERSION = YES;
				CLANG_WARN_OBJC_ROOT_CLASS = YES_ERROR;
				CLANG_WARN_SUSPICIOUS_MOVE = YES;
				CLANG_WARN_UNREACHABLE_CODE = YES;
				CLANG_WARN__DUPLICATE_METHOD_MATCH = YES;
				"CODE_SIGN_IDENTITY[sdk=iphoneos*]" = "iPhone Developer";
				COPY_PHASE_STRIP = NO;
				DEBUG_INFORMATION_FORMAT = dwarf;
				ENABLE_STRICT_OBJC_MSGSEND = YES;
				ENABLE_TESTABILITY = YES;
				GCC_C_LANGUAGE_STANDARD = gnu99;
				GCC_DYNAMIC_NO_PIC = NO;
				GCC_NO_COMMON_BLOCKS = YES;
				GCC_OPTIMIZATION_LEVEL = 0;
				GCC_PREPROCESSOR_DEFINITIONS = (
					"DEBUG=1",
					"$(inherited)",
				);
				GCC_WARN_64_TO_32_BIT_CONVERSION = YES;
				GCC_WARN_ABOUT_RETURN_TYPE = YES_ERROR;
				GCC_WARN_UNDECLARED_SELECTOR = YES;
				GCC_WARN_UNINITIALIZED_AUTOS = YES_AGGRESSIVE;
				GCC_WARN_UNUSED_FUNCTION = YES;
				GCC_WARN_UNUSED_VARIABLE = YES;
				IPHONEOS_DEPLOYMENT_TARGET = 10.2;
				MTL_ENABLE_DEBUG_INFO = YES;
				ONLY_ACTIVE_ARCH = YES;
				SDKROOT = iphoneos;
			};
			name = Debug;
		};
		79001F6C1E86722600436D56 /* Release */ = {
			isa = XCBuildConfiguration;
			buildSettings = {
				ALWAYS_SEARCH_USER_PATHS = NO;
				CLANG_ANALYZER_NONNULL = YES;
				CLANG_CXX_LANGUAGE_STANDARD = "gnu++0x";
				CLANG_CXX_LIBRARY = "libc++";
				CLANG_ENABLE_MODULES = YES;
				CLANG_ENABLE_OBJC_ARC = YES;
				CLANG_WARN_BOOL_CONVERSION = YES;
				CLANG_WARN_CONSTANT_CONVERSION = YES;
				CLANG_WARN_DIRECT_OBJC_ISA_USAGE = YES_ERROR;
				CLANG_WARN_DOCUMENTATION_COMMENTS = YES;
				CLANG_WARN_EMPTY_BODY = YES;
				CLANG_WARN_ENUM_CONVERSION = YES;
				CLANG_WARN_INFINITE_RECURSION = YES;
				CLANG_WARN_INT_CONVERSION = YES;
				CLANG_WARN_OBJC_ROOT_CLASS = YES_ERROR;
				CLANG_WARN_SUSPICIOUS_MOVE = YES;
				CLANG_WARN_UNREACHABLE_CODE = YES;
				CLANG_WARN__DUPLICATE_METHOD_MATCH = YES;
				"CODE_SIGN_IDENTITY[sdk=iphoneos*]" = "iPhone Developer";
				COPY_PHASE_STRIP = NO;
				DEBUG_INFORMATION_FORMAT = "dwarf-with-dsym";
				ENABLE_NS_ASSERTIONS = NO;
				ENABLE_STRICT_OBJC_MSGSEND = YES;
				GCC_C_LANGUAGE_STANDARD = gnu99;
				GCC_NO_COMMON_BLOCKS = YES;
				GCC_WARN_64_TO_32_BIT_CONVERSION = YES;
				GCC_WARN_ABOUT_RETURN_TYPE = YES_ERROR;
				GCC_WARN_UNDECLARED_SELECTOR = YES;
				GCC_WARN_UNINITIALIZED_AUTOS = YES_AGGRESSIVE;
				GCC_WARN_UNUSED_FUNCTION = YES;
				GCC_WARN_UNUSED_VARIABLE = YES;
				IPHONEOS_DEPLOYMENT_TARGET = 10.2;
				MTL_ENABLE_DEBUG_INFO = NO;
				SDKROOT = iphoneos;
				VALIDATE_PRODUCT = YES;
			};
			name = Release;
		};
		79001F6E1E86722600436D56 /* Debug */ = {
			isa = XCBuildConfiguration;
			baseConfigurationReference = E9EF29AB0199A1DA44A06160 /* Pods-ACCApp.debug.xcconfig */;
			buildSettings = {
				ASSETCATALOG_COMPILER_APPICON_NAME = AppIcon;
				DEVELOPMENT_TEAM = 8BMD2QL62M;
				INFOPLIST_FILE = ACCApp/Info.plist;
				IPHONEOS_DEPLOYMENT_TARGET = 9.0;
				LD_RUNPATH_SEARCH_PATHS = "$(inherited) @executable_path/Frameworks";
				PRODUCT_BUNDLE_IDENTIFIER = biyu.ACCApp;
				PRODUCT_NAME = "$(TARGET_NAME)";
			};
			name = Debug;
		};
		79001F6F1E86722600436D56 /* Release */ = {
			isa = XCBuildConfiguration;
			baseConfigurationReference = CF287026FFDBB874EF713561 /* Pods-ACCApp.release.xcconfig */;
			buildSettings = {
				ASSETCATALOG_COMPILER_APPICON_NAME = AppIcon;
				DEVELOPMENT_TEAM = 8BMD2QL62M;
				INFOPLIST_FILE = ACCApp/Info.plist;
				IPHONEOS_DEPLOYMENT_TARGET = 9.0;
				LD_RUNPATH_SEARCH_PATHS = "$(inherited) @executable_path/Frameworks";
				PRODUCT_BUNDLE_IDENTIFIER = biyu.ACCApp;
				PRODUCT_NAME = "$(TARGET_NAME)";
			};
			name = Release;
		};
		79001F711E86722600436D56 /* Debug */ = {
			isa = XCBuildConfiguration;
			buildSettings = {
				BUNDLE_LOADER = "$(TEST_HOST)";
				DEVELOPMENT_TEAM = 8BMD2QL62M;
				INFOPLIST_FILE = ACCAppTests/Info.plist;
				LD_RUNPATH_SEARCH_PATHS = "$(inherited) @executable_path/Frameworks @loader_path/Frameworks";
				PRODUCT_BUNDLE_IDENTIFIER = biyu.ACCAppTests;
				PRODUCT_NAME = "$(TARGET_NAME)";
				TEST_HOST = "$(BUILT_PRODUCTS_DIR)/ACCApp.app/ACCApp";
			};
			name = Debug;
		};
		79001F721E86722600436D56 /* Release */ = {
			isa = XCBuildConfiguration;
			buildSettings = {
				BUNDLE_LOADER = "$(TEST_HOST)";
				DEVELOPMENT_TEAM = 8BMD2QL62M;
				INFOPLIST_FILE = ACCAppTests/Info.plist;
				LD_RUNPATH_SEARCH_PATHS = "$(inherited) @executable_path/Frameworks @loader_path/Frameworks";
				PRODUCT_BUNDLE_IDENTIFIER = biyu.ACCAppTests;
				PRODUCT_NAME = "$(TARGET_NAME)";
				TEST_HOST = "$(BUILT_PRODUCTS_DIR)/ACCApp.app/ACCApp";
			};
			name = Release;
		};
/* End XCBuildConfiguration section */

/* Begin XCConfigurationList section */
		79001F461E86722500436D56 /* Build configuration list for PBXProject "ACCApp" */ = {
			isa = XCConfigurationList;
			buildConfigurations = (
				79001F6B1E86722600436D56 /* Debug */,
				79001F6C1E86722600436D56 /* Release */,
			);
			defaultConfigurationIsVisible = 0;
			defaultConfigurationName = Release;
		};
		79001F6D1E86722600436D56 /* Build configuration list for PBXNativeTarget "ACCApp" */ = {
			isa = XCConfigurationList;
			buildConfigurations = (
				79001F6E1E86722600436D56 /* Debug */,
				79001F6F1E86722600436D56 /* Release */,
			);
			defaultConfigurationIsVisible = 0;
			defaultConfigurationName = Release;
		};
		79001F701E86722600436D56 /* Build configuration list for PBXNativeTarget "ACCAppTests" */ = {
			isa = XCConfigurationList;
			buildConfigurations = (
				79001F711E86722600436D56 /* Debug */,
				79001F721E86722600436D56 /* Release */,
			);
			defaultConfigurationIsVisible = 0;
			defaultConfigurationName = Release;
		};
/* End XCConfigurationList section */
	};
	rootObject = 79001F431E86722500436D56 /* Project object */;
}
